version = 1
revision = 2
requires-python = ">=3.10"

[[package]]
name = "tree-sitter"
version = "0.25.0"
source = { registry = "https://pypi.org/simple" }
sdist = { url = "https://files.pythonhosted.org/packages/98/21/e952c3180f0fd83d09cee9e0bc29f67827c659cee45077ae06eb7d813cfc/tree-sitter-0.25.0.tar.gz", hash = "sha256:15c88775cf24db06677bafe62df058a6457d8a6dde67baa48dd3723b905e79a6", size = 177740, upload-time = "2025-07-20T13:17:48.886Z" }
wheels = [
    { url = "https://files.pythonhosted.org/packages/fd/91/b89731ee36f4bd735be67a0170f3ee77c527d0e4e28ec330e73bb5924310/tree_sitter-0.25.0-cp310-cp310-macosx_10_9_x86_64.whl", hash = "sha256:05fa57c9d9f951e9e806689caff9a809e2a8c4477ee23ff41a5e65122bbeb4c3", size = 146757, upload-time = "2025-07-20T13:17:15.12Z" },
    { url = "https://files.pythonhosted.org/packages/5f/c8/de1051e16fd1e06056155a18587a28e82312a8e44a9deb9a95da2600c045/tree_sitter-0.25.0-cp310-cp310-macosx_11_0_arm64.whl", hash = "sha256:cd55cb2c2f311693694c6eee409b163246e9a809ede49371963ace8c93d77ad1", size = 140913, upload-time = "2025-07-20T13:17:16.26Z" },
    { url = "https://files.pythonhosted.org/packages/33/63/20ef6709ef6072e46bdc0655cd515e53a110d042c7b4c94fd5e8abd9e20a/tree_sitter-0.25.0-cp310-cp310-manylinux2014_aarch64.manylinux_2_17_aarch64.manylinux_2_28_aarch64.whl", hash = "sha256:5892ecb52b14b00605c6960af42d212c65610a0de3ae986208619fa42b676bad", size = 610872, upload-time = "2025-07-20T13:17:19.586Z" },
    { url = "https://files.pythonhosted.org/packages/09/52/80f2faebe7901df9a8aa98b2fe719a63d2ae8ad20e67c64f0cc775c78d51/tree_sitter-0.25.0-cp310-cp310-manylinux2014_x86_64.manylinux_2_17_x86_64.manylinux_2_28_x86_64.whl", hash = "sha256:c3ec6a4ac2170af965e5b41bb603a5b0406ca8d93dac83d388c2246f0eef606a", size = 627920, upload-time = "2025-07-20T13:17:20.831Z" },
    { url = "https://files.pythonhosted.org/packages/0c/b1/10be3b91f38d08c1caa85df3bc39815aa3337feb24b5d7b1a3de5e46301f/tree_sitter-0.25.0-cp310-cp310-musllinux_1_2_x86_64.whl", hash = "sha256:d34bb4dda0518c07f6ea7880a463da338b2b72ce7c66bf32dc54f2ddcaf8463d", size = 623831, upload-time = "2025-07-20T13:17:21.946Z" },
    { url = "https://files.pythonhosted.org/packages/df/54/c69a6ba42f3af92a3bd07ab7954f0f269ed9f59de88121a8d33a30be5bbc/tree_sitter-0.25.0-cp310-cp310-win_amd64.whl", hash = "sha256:5aad12ceb86745946a74e63a3cf5e111684589acb3d647e5ce40637e89714c48", size = 126870, upload-time = "2025-07-20T13:17:23.179Z" },
    { url = "https://files.pythonhosted.org/packages/76/c5/925984b3eb83942ed630bc27dddea31a2b26808fc7a7c8f931d07582a206/tree_sitter-0.25.0-cp310-cp310-win_arm64.whl", hash = "sha256:6ea484eec5e6538fdbabdd3c737d5f5250602e12dc9a33ed3b8e6a400ca115be", size = 113511, upload-time = "2025-07-20T13:17:25.194Z" },
    { url = "https://files.pythonhosted.org/packages/c7/bb/072c607766862da41f8b29ab5ed16fbdb7d57e2864a87aa2ea030c5fff19/tree_sitter-0.25.0-cp311-cp311-macosx_10_9_x86_64.whl", hash = "sha256:5409a3be1010a483a9a8d5c64fdd20de7ea3e9c0c080e91e492a10a659bcac40", size = 146758, upload-time = "2025-07-20T13:17:25.957Z" },
    { url = "https://files.pythonhosted.org/packages/ae/37/7389b571dfea093c65b975893032b9f01917d9187d0d2e93723ec5b5717b/tree_sitter-0.25.0-cp311-cp311-macosx_11_0_arm64.whl", hash = "sha256:aa1cd26faff9b3514e456cc0f4f0eb6b11bfdeec9a40ba8d55ee5a75d57566cb", size = 140909, upload-time = "2025-07-20T13:17:27.51Z" },
    { url = "https://files.pythonhosted.org/packages/c5/97/70540a0c608015d472b6208e968e670a6e09affaf3859edaab66f5b1b96c/tree_sitter-0.25.0-cp311-cp311-manylinux2014_aarch64.manylinux_2_17_aarch64.manylinux_2_28_aarch64.whl", hash = "sha256:ddf745c668df39e4ef9a28fba4be4ecea990522e940b8e5bc656704c689b38ac", size = 615452, upload-time = "2025-07-20T13:17:28.64Z" },
    { url = "https://files.pythonhosted.org/packages/d2/00/343e3f95ccdad05cb34c9fa7f52eb6164870059821f88fe5a266c175553b/tree_sitter-0.25.0-cp311-cp311-manylinux2014_x86_64.manylinux_2_17_x86_64.manylinux_2_28_x86_64.whl", hash = "sha256:b39e177822dda5b42f2b6235af0a66c92ab6f1674f07d0e7b51be73957193370", size = 632430, upload-time = "2025-07-20T13:17:30.025Z" },
    { url = "https://files.pythonhosted.org/packages/96/32/468815a1fe60bca40cec0163bfeedd5aa86fe88a9c2c8cf29cdf3a1c3d33/tree_sitter-0.25.0-cp311-cp311-musllinux_1_2_x86_64.whl", hash = "sha256:992cd17f97eae3245786160db4902f7b8106186aa18b9fcb873a86688e4d4dc8", size = 629356, upload-time = "2025-07-20T13:17:30.995Z" },
    { url = "https://files.pythonhosted.org/packages/7e/ff/121893bca3dd4bc4bcb7ba186fcb2a10570dc78feaf68d7e849c3f0af078/tree_sitter-0.25.0-cp311-cp311-win_amd64.whl", hash = "sha256:14a138fe341348e7801c0afb580970597477fc68a0d0f6c780fc0a07eae2770e", size = 126878, upload-time = "2025-07-20T13:17:31.97Z" },
    { url = "https://files.pythonhosted.org/packages/ff/86/e3167c360664753b987f46b9bb97f952cb8c282199fc1429369cc99b646b/tree_sitter-0.25.0-cp311-cp311-win_arm64.whl", hash = "sha256:332e235eba90423edc6e83cc4a5dc60e91c03ace6c1d8729d0f2e0ca09210845", size = 113495, upload-time = "2025-07-20T13:17:32.874Z" },
    { url = "https://files.pythonhosted.org/packages/c5/75/36a4726a09aeb0477ca4a45aba4abf9705642b871539005ca91ddd68faa3/tree_sitter-0.25.0-cp312-cp312-macosx_10_13_x86_64.whl", hash = "sha256:d9efacce0140ad74f97e027fb4ae693debff05f6246f3e024937f9500a0e874a", size = 147016, upload-time = "2025-07-20T13:17:33.921Z" },
    { url = "https://files.pythonhosted.org/packages/ff/5e/a549a21e459de94056cf48ca5e10e3774bc9b0460ffb3aec469a5f6001c0/tree_sitter-0.25.0-cp312-cp312-macosx_11_0_arm64.whl", hash = "sha256:82b4a5535107d2b8feee085edcafa89858faa4e1a98e94cfe1740c0ca8c28d84", size = 140832, upload-time = "2025-07-20T13:17:34.82Z" },
    { url = "https://files.pythonhosted.org/packages/d7/ed/7cc29a309e5f5cc209902c93589d29a4faeb656c7eecc1abd86842633b8f/tree_sitter-0.25.0-cp312-cp312-manylinux2014_aarch64.manylinux_2_17_aarch64.manylinux_2_28_aarch64.whl", hash = "sha256:c613372545490dfba3b3e7d934fda1156e3d16b27c0335c65a92f2b4fa6af5da", size = 617875, upload-time = "2025-07-20T13:17:35.693Z" },
    { url = "https://files.pythonhosted.org/packages/76/fc/43a61a35f021429d905ce272be9a9ea6dad6fe2c849782c53bd083a935cf/tree_sitter-0.25.0-cp312-cp312-manylinux2014_x86_64.manylinux_2_17_x86_64.manylinux_2_28_x86_64.whl", hash = "sha256:241a90c815a354594d3147012ce470cfc797695ab768e29198815e147ef3c165", size = 635857, upload-time = "2025-07-20T13:17:36.676Z" },
    { url = "https://files.pythonhosted.org/packages/9b/28/c9236c505e35b3aedb3c941a359a708c173cbedab8d843fec729bab81ed9/tree_sitter-0.25.0-cp312-cp312-musllinux_1_2_x86_64.whl", hash = "sha256:6f0b01b5068f1888af223021ba461480df28c76f39893c8113aae2154a2b81fd", size = 632649, upload-time = "2025-07-20T13:17:37.56Z" },
    { url = "https://files.pythonhosted.org/packages/13/d3/5dff82a02646619545c4e7c9b9ec87bc126f1937760228fcf2e91f5079c7/tree_sitter-0.25.0-cp312-cp312-win_amd64.whl", hash = "sha256:1807bd1dae1f50721d65b270e6ffa85de84234ae39f98f4da702db56c2627e23", size = 126785, upload-time = "2025-07-20T13:17:38.488Z" },
    { url = "https://files.pythonhosted.org/packages/71/61/4fffd405569d9c1551906766825da75a2d8f1c075be8994542d5d7ba7768/tree_sitter-0.25.0-cp312-cp312-win_arm64.whl", hash = "sha256:7848be6aeab5c1d62d649506d80d0e463727cb1bb55f423e88bf317db0be8d67", size = 113615, upload-time = "2025-07-20T13:17:39.965Z" },
    { url = "https://files.pythonhosted.org/packages/7a/fd/7578088dddec9b89b60d8dfea1901f3a5dff61b66d3c637c309b6209c8db/tree_sitter-0.25.0-cp313-cp313-macosx_10_13_x86_64.whl", hash = "sha256:689a19d51103f727a545ec9ba9cd377267445859838c38ec55d159dc57e82e8a", size = 147009, upload-time = "2025-07-20T13:17:41.038Z" },
    { url = "https://files.pythonhosted.org/packages/7a/3e/6e3dac18c119acf738174a19ce91d89b34f6ad1ca1c5dd57b245ae15c935/tree_sitter-0.25.0-cp313-cp313-macosx_11_0_arm64.whl", hash = "sha256:86288b218ef958dcafe40030d6d70c99baffaf808bd81b49de160f9724fc0ba4", size = 140828, upload-time = "2025-07-20T13:17:42.023Z" },
    { url = "https://files.pythonhosted.org/packages/fa/21/94d26f5d488d85bf5201280f82ce7de374ce30ed5d5469e57623d64ead9a/tree_sitter-0.25.0-cp313-cp313-manylinux2014_aarch64.manylinux_2_17_aarch64.manylinux_2_28_aarch64.whl", hash = "sha256:5241610319177ee2f68b8e719bf1e1b309155e126d9cd567ff84f20878d7e5d0", size = 618600, upload-time = "2025-07-20T13:17:43.203Z" },
    { url = "https://files.pythonhosted.org/packages/67/74/e852445871c0a82bfa5e3d16541e0ce6775ef458d3a8f03ab3737c661832/tree_sitter-0.25.0-cp313-cp313-manylinux2014_x86_64.manylinux_2_17_x86_64.manylinux_2_28_x86_64.whl", hash = "sha256:ae1553d652a54926f80dc0a42fba07db110bb1a3ebaf47d1c4c64f8d44dd8207", size = 636691, upload-time = "2025-07-20T13:17:44.382Z" },
    { url = "https://files.pythonhosted.org/packages/87/67/759afe10e0018aa3ca3269df0257228b2df120e3956171a3667b133f3100/tree_sitter-0.25.0-cp313-cp313-musllinux_1_2_x86_64.whl", hash = "sha256:ccac581551407a73a519b872553973598b69d3d237ffaf32408fb38ecb775484", size = 632730, upload-time = "2025-07-20T13:17:45.687Z" },
    { url = "https://files.pythonhosted.org/packages/8d/42/24a80dafdb32f1f7d16e3236f2ba8a2bc7b0e5c2a19c7b45f874f0980e90/tree_sitter-0.25.0-cp313-cp313-win_amd64.whl", hash = "sha256:d58e912869514ebb441b15c22a13a9c78f1b69be15f6a42b1d18e3f790e5d6ba", size = 126779, upload-time = "2025-07-20T13:17:46.943Z" },
    { url = "https://files.pythonhosted.org/packages/6f/2e/6af369e9d6deab9baaa60e2fa91acf82a68c63d835a2fe4f4265674ecc53/tree_sitter-0.25.0-cp313-cp313-win_arm64.whl", hash = "sha256:a1b8302161fa8da52cfafcd7575fa7d5806a9608a0b51c7a1fe45bfe70b62d46", size = 113623, upload-time = "2025-07-20T13:17:47.718Z" },
]

[[package]]
name = "tree-sitter-slang"
version = "0.3.1"
source = { editable = "." }

[package.optional-dependencies]
core = [
    { name = "tree-sitter" },
]

[package.dev-dependencies]
dev = [
    { name = "tree-sitter" },
]

[package.metadata]
requires-dist = [{ name = "tree-sitter", marker = "extra == 'core'", specifier = ">=0.25.0" }]
provides-extras = ["core"]

[package.metadata.requires-dev]
dev = [{ name = "tree-sitter", specifier = ">=0.25.0" }]
